// !$*UTF8*$!
{
	archiveVersion = 1;
	classes = {
	};
	objectVersion = 50;
	objects = {

/* Begin PBXBuildFile section */
		A842789D2543044900F472B1 /* AppDelegate.swift in Sources */ = {isa = PBXBuildFile; fileRef = A842789C2543044900F472B1 /* AppDelegate.swift */; };
		A842789F2543044900F472B1 /* SceneDelegate.swift in Sources */ = {isa = PBXBuildFile; fileRef = A842789E2543044900F472B1 /* SceneDelegate.swift */; };
		A84278A12543044900F472B1 /* ViewController.swift in Sources */ = {isa = PBXBuildFile; fileRef = A84278A02543044900F472B1 /* ViewController.swift */; };
		A84278A42543044900F472B1 /* Main.storyboard in Resources */ = {isa = PBXBuildFile; fileRef = A84278A22543044900F472B1 /* Main.storyboard */; };
		A84278A62543044B00F472B1 /* Assets.xcassets in Resources */ = {isa = PBXBuildFile; fileRef = A84278A52543044B00F472B1 /* Assets.xcassets */; };
		A84278A92543044B00F472B1 /* LaunchScreen.storyboard in Resources */ = {isa = PBXBuildFile; fileRef = A84278A72543044B00F472B1 /* LaunchScreen.storyboard */; };
		A84278B42543044B00F472B1 /* AudioRecordingInterfaceTests.swift in Sources */ = {isa = PBXBuildFile; fileRef = A84278B32543044B00F472B1 /* AudioRecordingInterfaceTests.swift */; };
		A84278BF2543044B00F472B1 /* AudioRecordingInterfaceUITests.swift in Sources */ = {isa = PBXBuildFile; fileRef = A84278BE2543044B00F472B1 /* AudioRecordingInterfaceUITests.swift */; };
/* End PBXBuildFile section */

/* Begin PBXContainerItemProxy section */
		A84278B02543044B00F472B1 /* PBXContainerItemProxy */ = {
			isa = PBXContainerItemProxy;
			containerPortal = A84278912543044800F472B1 /* Project object */;
			proxyType = 1;
			remoteGlobalIDString = A84278982543044800F472B1;
			remoteInfo = AudioRecordingInterface;
		};
		A84278BB2543044B00F472B1 /* PBXContainerItemProxy */ = {
			isa = PBXContainerItemProxy;
			containerPortal = A84278912543044800F472B1 /* Project object */;
			proxyType = 1;
			remoteGlobalIDString = A84278982543044800F472B1;
			remoteInfo = AudioRecordingInterface;
		};
/* End PBXContainerItemProxy section */

/* Begin PBXFileReference section */
		A84278992543044800F472B1 /* AudioRecordingInterface.app */ = {isa = PBXFileReference; explicitFileType = wrapper.application; includeInIndex = 0; path = AudioRecordingInterface.app; sourceTree = BUILT_PRODUCTS_DIR; };
		A842789C2543044900F472B1 /* AppDelegate.swift */ = {isa = PBXFileReference; lastKnownFileType = sourcecode.swift; path = AppDelegate.swift; sourceTree = "<group>"; };
		A842789E2543044900F472B1 /* SceneDelegate.swift */ = {isa = PBXFileReference; lastKnownFileType = sourcecode.swift; path = SceneDelegate.swift; sourceTree = "<group>"; };
		A84278A02543044900F472B1 /* ViewController.swift */ = {isa = PBXFileReference; lastKnownFileType = sourcecode.swift; path = ViewController.swift; sourceTree = "<group>"; };
		A84278A32543044900F472B1 /* Base */ = {isa = PBXFileReference; lastKnownFileType = file.storyboard; name = Base; path = Base.lproj/Main.storyboard; sourceTree = "<group>"; };
		A84278A52543044B00F472B1 /* Assets.xcassets */ = {isa = PBXFileReference; lastKnownFileType = folder.assetcatalog; path = Assets.xcassets; sourceTree = "<group>"; };
		A84278A82543044B00F472B1 /* Base */ = {isa = PBXFileReference; lastKnownFileType = file.storyboard; name = Base; path = Base.lproj/LaunchScreen.storyboard; sourceTree = "<group>"; };
		A84278AA2543044B00F472B1 /* Info.plist */ = {isa = PBXFileReference; lastKnownFileType = text.plist.xml; path = Info.plist; sourceTree = "<group>"; };
		A84278AF2543044B00F472B1 /* AudioRecordingInterfaceTests.xctest */ = {isa = PBXFileReference; explicitFileType = wrapper.cfbundle; includeInIndex = 0; path = AudioRecordingInterfaceTests.xctest; sourceTree = BUILT_PRODUCTS_DIR; };
		A84278B32543044B00F472B1 /* AudioRecordingInterfaceTests.swift */ = {isa = PBXFileReference; lastKnownFileType = sourcecode.swift; path = AudioRecordingInterfaceTests.swift; sourceTree = "<group>"; };
		A84278B52543044B00F472B1 /* Info.plist */ = {isa = PBXFileReference; lastKnownFileType = text.plist.xml; path = Info.plist; sourceTree = "<group>"; };
		A84278BA2543044B00F472B1 /* AudioRecordingInterfaceUITests.xctest */ = {isa = PBXFileReference; explicitFileType = wrapper.cfbundle; includeInIndex = 0; path = AudioRecordingInterfaceUITests.xctest; sourceTree = BUILT_PRODUCTS_DIR; };
		A84278BE2543044B00F472B1 /* AudioRecordingInterfaceUITests.swift */ = {isa = PBXFileReference; lastKnownFileType = sourcecode.swift; path = AudioRecordingInterfaceUITests.swift; sourceTree = "<group>"; };
		A84278C02543044B00F472B1 /* Info.plist */ = {isa = PBXFileReference; lastKnownFileType = text.plist.xml; path = Info.plist; sourceTree = "<group>"; };
/* End PBXFileReference section */

/* Begin PBXFrameworksBuildPhase section */
		A84278962543044800F472B1 /* Frameworks */ = {
			isa = PBXFrameworksBuildPhase;
			buildActionMask = 2147483647;
			files = (
			);
			runOnlyForDeploymentPostprocessing = 0;
		};
		A84278AC2543044B00F472B1 /* Frameworks */ = {
			isa = PBXFrameworksBuildPhase;
			buildActionMask = 2147483647;
			files = (
			);
			runOnlyForDeploymentPostprocessing = 0;
		};
		A84278B72543044B00F472B1 /* Frameworks */ = {
			isa = PBXFrameworksBuildPhase;
			buildActionMask = 2147483647;
			files = (
			);
			runOnlyForDeploymentPostprocessing = 0;
		};
/* End PBXFrameworksBuildPhase section */

/* Begin PBXGroup section */
		A84278902543044800F472B1 = {
			isa = PBXGroup;
			children = (
				A842789B2543044800F472B1 /* AudioRecordingInterface */,
				A84278B22543044B00F472B1 /* AudioRecordingInterfaceTests */,
				A84278BD2543044B00F472B1 /* AudioRecordingInterfaceUITests */,
				A842789A2543044800F472B1 /* Products */,
			);
			sourceTree = "<group>";
		};
		A842789A2543044800F472B1 /* Products */ = {
			isa = PBXGroup;
			children = (
				A84278992543044800F472B1 /* AudioRecordingInterface.app */,
				A84278AF2543044B00F472B1 /* AudioRecordingInterfaceTests.xctest */,
				A84278BA2543044B00F472B1 /* AudioRecordingInterfaceUITests.xctest */,
			);
			name = Products;
			sourceTree = "<group>";
		};
		A842789B2543044800F472B1 /* AudioRecordingInterface */ = {
			isa = PBXGroup;
			children = (
				A842789C2543044900F472B1 /* AppDelegate.swift */,
				A842789E2543044900F472B1 /* SceneDelegate.swift */,
				A84278A02543044900F472B1 /* ViewController.swift */,
				A84278A22543044900F472B1 /* Main.storyboard */,
				A84278A52543044B00F472B1 /* Assets.xcassets */,
				A84278A72543044B00F472B1 /* LaunchScreen.storyboard */,
				A84278AA2543044B00F472B1 /* Info.plist */,
			);
			path = AudioRecordingInterface;
			sourceTree = "<group>";
		};
		A84278B22543044B00F472B1 /* AudioRecordingInterfaceTests */ = {
			isa = PBXGroup;
			children = (
				A84278B32543044B00F472B1 /* AudioRecordingInterfaceTests.swift */,
				A84278B52543044B00F472B1 /* Info.plist */,
			);
			path = AudioRecordingInterfaceTests;
			sourceTree = "<group>";
		};
		A84278BD2543044B00F472B1 /* AudioRecordingInterfaceUITests */ = {
			isa = PBXGroup;
			children = (
				A84278BE2543044B00F472B1 /* AudioRecordingInterfaceUITests.swift */,
				A84278C02543044B00F472B1 /* Info.plist */,
			);
			path = AudioRecordingInterfaceUITests;
			sourceTree = "<group>";
		};
/* End PBXGroup section */

/* Begin PBXNativeTarget section */
		A84278982543044800F472B1 /* AudioRecordingInterface */ = {
			isa = PBXNativeTarget;
			buildConfigurationList = A84278C32543044B00F472B1 /* Build configuration list for PBXNativeTarget "AudioRecordingInterface" */;
			buildPhases = (
				A84278952543044800F472B1 /* Sources */,
				A84278962543044800F472B1 /* Frameworks */,
				A84278972543044800F472B1 /* Resources */,
			);
			buildRules = (
			);
			dependencies = (
			);
			name = AudioRecordingInterface;
			productName = AudioRecordingInterface;
			productReference = A84278992543044800F472B1 /* AudioRecordingInterface.app */;
			productType = "com.apple.product-type.application";
		};
		A84278AE2543044B00F472B1 /* AudioRecordingInterfaceTests */ = {
			isa = PBXNativeTarget;
			buildConfigurationList = A84278C62543044B00F472B1 /* Build configuration list for PBXNativeTarget "AudioRecordingInterfaceTests" */;
			buildPhases = (
				A84278AB2543044B00F472B1 /* Sources */,
				A84278AC2543044B00F472B1 /* Frameworks */,
				A84278AD2543044B00F472B1 /* Resources */,
			);
			buildRules = (
			);
			dependencies = (
				A84278B12543044B00F472B1 /* PBXTargetDependency */,
			);
			name = AudioRecordingInterfaceTests;
			productName = AudioRecordingInterfaceTests;
			productReference = A84278AF2543044B00F472B1 /* AudioRecordingInterfaceTests.xctest */;
			productType = "com.apple.product-type.bundle.unit-test";
		};
		A84278B92543044B00F472B1 /* AudioRecordingInterfaceUITests */ = {
			isa = PBXNativeTarget;
			buildConfigurationList = A84278C92543044B00F472B1 /* Build configuration list for PBXNativeTarget "AudioRecordingInterfaceUITests" */;
			buildPhases = (
				A84278B62543044B00F472B1 /* Sources */,
				A84278B72543044B00F472B1 /* Frameworks */,
				A84278B82543044B00F472B1 /* Resources */,
			);
			buildRules = (
			);
			dependencies = (
				A84278BC2543044B00F472B1 /* PBXTargetDependency */,
			);
			name = AudioRecordingInterfaceUITests;
			productName = AudioRecordingInterfaceUITests;
			productReference = A84278BA2543044B00F472B1 /* AudioRecordingInterfaceUITests.xctest */;
			productType = "com.apple.product-type.bundle.ui-testing";
		};
/* End PBXNativeTarget section */

/* Begin PBXProject section */
		A84278912543044800F472B1 /* Project object */ = {
			isa = PBXProject;
			attributes = {
				LastSwiftUpdateCheck = 1210;
				LastUpgradeCheck = 1210;
				TargetAttributes = {
					A84278982543044800F472B1 = {
						CreatedOnToolsVersion = 12.1;
					};
					A84278AE2543044B00F472B1 = {
						CreatedOnToolsVersion = 12.1;
						TestTargetID = A84278982543044800F472B1;
					};
					A84278B92543044B00F472B1 = {
						CreatedOnToolsVersion = 12.1;
						TestTargetID = A84278982543044800F472B1;
					};
				};
			};
			buildConfigurationList = A84278942543044800F472B1 /* Build configuration list for PBXProject "AudioRecordingInterface" */;
			compatibilityVersion = "Xcode 9.3";
			developmentRegion = en;
			hasScannedForEncodings = 0;
			knownRegions = (
				en,
				Base,
			);
			mainGroup = A84278902543044800F472B1;
			productRefGroup = A842789A2543044800F472B1 /* Products */;
			projectDirPath = "";
			projectRoot = "";
			targets = (
				A84278982543044800F472B1 /* AudioRecordingInterface */,
				A84278AE2543044B00F472B1 /* AudioRecordingInterfaceTests */,
				A84278B92543044B00F472B1 /* AudioRecordingInterfaceUITests */,
			);
		};
/* End PBXProject section */

/* Begin PBXResourcesBuildPhase section */
		A84278972543044800F472B1 /* Resources */ = {
			isa = PBXResourcesBuildPhase;
			buildActionMask = 2147483647;
			files = (
				A84278A92543044B00F472B1 /* LaunchScreen.storyboard in Resources */,
				A84278A62543044B00F472B1 /* Assets.xcassets in Resources */,
				A84278A42543044900F472B1 /* Main.storyboard in Resources */,
			);
			runOnlyForDeploymentPostprocessing = 0;
		};
		A84278AD2543044B00F472B1 /* Resources */ = {
			isa = PBXResourcesBuildPhase;
			buildActionMask = 2147483647;
			files = (
			);
			runOnlyForDeploymentPostprocessing = 0;
		};
		A84278B82543044B00F472B1 /* Resources */ = {
			isa = PBXResourcesBuildPhase;
			buildActionMask = 2147483647;
			files = (
			);
			runOnlyForDeploymentPostprocessing = 0;
		};
/* End PBXResourcesBuildPhase section */

/* Begin PBXSourcesBuildPhase section */
		A84278952543044800F472B1 /* Sources */ = {
			isa = PBXSourcesBuildPhase;
			buildActionMask = 2147483647;
			files = (
				A84278A12543044900F472B1 /* ViewController.swift in Sources */,
				A842789D2543044900F472B1 /* AppDelegate.swift in Sources */,
				A842789F2543044900F472B1 /* SceneDelegate.swift in Sources */,
			);
			runOnlyForDeploymentPostprocessing = 0;
		};
		A84278AB2543044B00F472B1 /* Sources */ = {
			isa = PBXSourcesBuildPhase;
			buildActionMask = 2147483647;
			files = (
				A84278B42543044B00F472B1 /* AudioRecordingInterfaceTests.swift in Sources */,
			);
			runOnlyForDeploymentPostprocessing = 0;
		};
		A84278B62543044B00F472B1 /* Sources */ = {
			isa = PBXSourcesBuildPhase;
			buildActionMask = 2147483647;
			files = (
				A84278BF2543044B00F472B1 /* AudioRecordingInterfaceUITests.swift in Sources */,
			);
			runOnlyForDeploymentPostprocessing = 0;
		};
/* End PBXSourcesBuildPhase section */

/* Begin PBXTargetDependency section */
		A84278B12543044B00F472B1 /* PBXTargetDependency */ = {
			isa = PBXTargetDependency;
			target = A84278982543044800F472B1 /* AudioRecordingInterface */;
			targetProxy = A84278B02543044B00F472B1 /* PBXContainerItemProxy */;
		};
		A84278BC2543044B00F472B1 /* PBXTargetDependency */ = {
			isa = PBXTargetDependency;
			target = A84278982543044800F472B1 /* AudioRecordingInterface */;
			targetProxy = A84278BB2543044B00F472B1 /* PBXContainerItemProxy */;
		};
/* End PBXTargetDependency section */

/* Begin PBXVariantGroup section */
		A84278A22543044900F472B1 /* Main.storyboard */ = {
			isa = PBXVariantGroup;
			children = (
				A84278A32543044900F472B1 /* Base */,
			);
			name = Main.storyboard;
			sourceTree = "<group>";
		};
		A84278A72543044B00F472B1 /* LaunchScreen.storyboard */ = {
			isa = PBXVariantGroup;
			children = (
				A84278A82543044B00F472B1 /* Base */,
			);
			name = LaunchScreen.storyboard;
			sourceTree = "<group>";
		};
/* End PBXVariantGroup section */

/* Begin XCBuildConfiguration section */
		A84278C12543044B00F472B1 /* Debug */ = {
			isa = XCBuildConfiguration;
			buildSettings = {
				ALWAYS_SEARCH_USER_PATHS = NO;
				CLANG_ANALYZER_NONNULL = YES;
				CLANG_ANALYZER_NUMBER_OBJECT_CONVERSION = YES_AGGRESSIVE;
				CLANG_CXX_LANGUAGE_STANDARD = "gnu++14";
				CLANG_CXX_LIBRARY = "libc++";
				CLANG_ENABLE_MODULES = YES;
				CLANG_ENABLE_OBJC_ARC = YES;
				CLANG_ENABLE_OBJC_WEAK = YES;
				CLANG_WARN_BLOCK_CAPTURE_AUTORELEASING = YES;
				CLANG_WARN_BOOL_CONVERSION = YES;
				CLANG_WARN_COMMA = YES;
				CLANG_WARN_CONSTANT_CONVERSION = YES;
				CLANG_WARN_DEPRECATED_OBJC_IMPLEMENTATIONS = YES;
				CLANG_WARN_DIRECT_OBJC_ISA_USAGE = YES_ERROR;
				CLANG_WARN_DOCUMENTATION_COMMENTS = YES;
				CLANG_WARN_EMPTY_BODY = YES;
				CLANG_WARN_ENUM_CONVERSION = YES;
				CLANG_WARN_INFINITE_RECURSION = YES;
				CLANG_WARN_INT_CONVERSION = YES;
				CLANG_WARN_NON_LITERAL_NULL_CONVERSION = YES;
				CLANG_WARN_OBJC_IMPLICIT_RETAIN_SELF = YES;
				CLANG_WARN_OBJC_LITERAL_CONVERSION = YES;
				CLANG_WARN_OBJC_ROOT_CLASS = YES_ERROR;
				CLANG_WARN_QUOTED_INCLUDE_IN_FRAMEWORK_HEADER = YES;
				CLANG_WARN_RANGE_LOOP_ANALYSIS = YES;
				CLANG_WARN_STRICT_PROTOTYPES = YES;
				CLANG_WARN_SUSPICIOUS_MOVE = YES;
				CLANG_WARN_UNGUARDED_AVAILABILITY = YES_AGGRESSIVE;
				CLANG_WARN_UNREACHABLE_CODE = YES;
				CLANG_WARN__DUPLICATE_METHOD_MATCH = YES;
				COPY_PHASE_STRIP = NO;
				DEBUG_INFORMATION_FORMAT = dwarf;
				ENABLE_STRICT_OBJC_MSGSEND = YES;
				ENABLE_TESTABILITY = YES;
				GCC_C_LANGUAGE_STANDARD = gnu11;
				GCC_DYNAMIC_NO_PIC = NO;
				GCC_NO_COMMON_BLOCKS = YES;
				GCC_OPTIMIZATION_LEVEL = 0;
				GCC_PREPROCESSOR_DEFINITIONS = (
					"DEBUG=1",
					"$(inherited)",
				);
				GCC_WARN_64_TO_32_BIT_CONVERSION = YES;
				GCC_WARN_ABOUT_RETURN_TYPE = YES_ERROR;
				GCC_WARN_UNDECLARED_SELECTOR = YES;
				GCC_WARN_UNINITIALIZED_AUTOS = YES_AGGRESSIVE;
				GCC_WARN_UNUSED_FUNCTION = YES;
				GCC_WARN_UNUSED_VARIABLE = YES;
				IPHONEOS_DEPLOYMENT_TARGET = 14.1;
				MTL_ENABLE_DEBUG_INFO = INCLUDE_SOURCE;
				MTL_FAST_MATH = YES;
				ONLY_ACTIVE_ARCH = YES;
				SDKROOT = iphoneos;
				SWIFT_ACTIVE_COMPILATION_CONDITIONS = DEBUG;
				SWIFT_OPTIMIZATION_LEVEL = "-Onone";
			};
			name = Debug;
		};
		A84278C22543044B00F472B1 /* Release */ = {
			isa = XCBuildConfiguration;
			buildSettings = {
				ALWAYS_SEARCH_USER_PATHS = NO;
				CLANG_ANALYZER_NONNULL = YES;
				CLANG_ANALYZER_NUMBER_OBJECT_CONVERSION = YES_AGGRESSIVE;
				CLANG_CXX_LANGUAGE_STANDARD = "gnu++14";
				CLANG_CXX_LIBRARY = "libc++";
				CLANG_ENABLE_MODULES = YES;
				CLANG_ENABLE_OBJC_ARC = YES;
				CLANG_ENABLE_OBJC_WEAK = YES;
				CLANG_WARN_BLOCK_CAPTURE_AUTORELEASING = YES;
				CLANG_WARN_BOOL_CONVERSION = YES;
				CLANG_WARN_COMMA = YES;
				CLANG_WARN_CONSTANT_CONVERSION = YES;
				CLANG_WARN_DEPRECATED_OBJC_IMPLEMENTATIONS = YES;
				CLANG_WARN_DIRECT_OBJC_ISA_USAGE = YES_ERROR;
				CLANG_WARN_DOCUMENTATION_COMMENTS = YES;
				CLANG_WARN_EMPTY_BODY = YES;
				CLANG_WARN_ENUM_CONVERSION = YES;
				CLANG_WARN_INFINITE_RECURSION = YES;
				CLANG_WARN_INT_CONVERSION = YES;
				CLANG_WARN_NON_LITERAL_NULL_CONVERSION = YES;
				CLANG_WARN_OBJC_IMPLICIT_RETAIN_SELF = YES;
				CLANG_WARN_OBJC_LITERAL_CONVERSION = YES;
				CLANG_WARN_OBJC_ROOT_CLASS = YES_ERROR;
				CLANG_WARN_QUOTED_INCLUDE_IN_FRAMEWORK_HEADER = YES;
				CLANG_WARN_RANGE_LOOP_ANALYSIS = YES;
				CLANG_WARN_STRICT_PROTOTYPES = YES;
				CLANG_WARN_SUSPICIOUS_MOVE = YES;
				CLANG_WARN_UNGUARDED_AVAILABILITY = YES_AGGRESSIVE;
				CLANG_WARN_UNREACHABLE_CODE = YES;
				CLANG_WARN__DUPLICATE_METHOD_MATCH = YES;
				COPY_PHASE_STRIP = NO;
				DEBUG_INFORMATION_FORMAT = "dwarf-with-dsym";
				ENABLE_NS_ASSERTIONS = NO;
				ENABLE_STRICT_OBJC_MSGSEND = YES;
				GCC_C_LANGUAGE_STANDARD = gnu11;
				GCC_NO_COMMON_BLOCKS = YES;
				GCC_WARN_64_TO_32_BIT_CONVERSION = YES;
				GCC_WARN_ABOUT_RETURN_TYPE = YES_ERROR;
				GCC_WARN_UNDECLARED_SELECTOR = YES;
				GCC_WARN_UNINITIALIZED_AUTOS = YES_AGGRESSIVE;
				GCC_WARN_UNUSED_FUNCTION = YES;
				GCC_WARN_UNUSED_VARIABLE = YES;
				IPHONEOS_DEPLOYMENT_TARGET = 14.1;
				MTL_ENABLE_DEBUG_INFO = NO;
				MTL_FAST_MATH = YES;
				SDKROOT = iphoneos;
				SWIFT_COMPILATION_MODE = wholemodule;
				SWIFT_OPTIMIZATION_LEVEL = "-O";
				VALIDATE_PRODUCT = YES;
			};
			name = Release;
		};
		A84278C42543044B00F472B1 /* Debug */ = {
			isa = XCBuildConfiguration;
			buildSettings = {
				ASSETCATALOG_COMPILER_APPICON_NAME = AppIcon;
				ASSETCATALOG_COMPILER_GLOBAL_ACCENT_COLOR_NAME = AccentColor;
				CODE_SIGN_STYLE = Automatic;
				DEVELOPMENT_TEAM = BY8JMSGP7Z;
				INFOPLIST_FILE = AudioRecordingInterface/Info.plist;
				LD_RUNPATH_SEARCH_PATHS = (
					"$(inherited)",
					"@executable_path/Frameworks",
				);
				PRODUCT_BUNDLE_IDENTIFIER = com.agustr.AudioRecordingInterface;
				PRODUCT_NAME = "$(TARGET_NAME)";
				SWIFT_VERSION = 5.0;
				TARGETED_DEVICE_FAMILY = "1,2";
			};
			name = Debug;
		};
		A84278C52543044B00F472B1 /* Release */ = {
			isa = XCBuildConfiguration;
			buildSettings = {
				ASSETCATALOG_COMPILER_APPICON_NAME = AppIcon;
				ASSETCATALOG_COMPILER_GLOBAL_ACCENT_COLOR_NAME = AccentColor;
				CODE_SIGN_STYLE = Automatic;
				DEVELOPMENT_TEAM = BY8JMSGP7Z;
				INFOPLIST_FILE = AudioRecordingInterface/Info.plist;
				LD_RUNPATH_SEARCH_PATHS = (
					"$(inherited)",
					"@executable_path/Frameworks",
				);
				PRODUCT_BUNDLE_IDENTIFIER = com.agustr.AudioRecordingInterface;
				PRODUCT_NAME = "$(TARGET_NAME)";
				SWIFT_VERSION = 5.0;
				TARGETED_DEVICE_FAMILY = "1,2";
			};
			name = Release;
		};
		A84278C72543044B00F472B1 /* Debug */ = {
			isa = XCBuildConfiguration;
			buildSettings = {
				ALWAYS_EMBED_SWIFT_STANDARD_LIBRARIES = YES;
				BUNDLE_LOADER = "$(TEST_HOST)";
				CODE_SIGN_STYLE = Automatic;
				DEVELOPMENT_TEAM = BY8JMSGP7Z;
				INFOPLIST_FILE = AudioRecordingInterfaceTests/Info.plist;
				IPHONEOS_DEPLOYMENT_TARGET = 14.1;
				LD_RUNPATH_SEARCH_PATHS = (
					"$(inherited)",
					"@executable_path/Frameworks",
					"@loader_path/Frameworks",
				);
				PRODUCT_BUNDLE_IDENTIFIER = com.agustr.AudioRecordingInterfaceTests;
				PRODUCT_NAME = "$(TARGET_NAME)";
				SWIFT_VERSION = 5.0;
				TARGETED_DEVICE_FAMILY = "1,2";
				TEST_HOST = "$(BUILT_PRODUCTS_DIR)/AudioRecordingInterface.app/AudioRecordingInterface";
			};
			name = Debug;
		};
		A84278C82543044B00F472B1 /* Release */ = {
			isa = XCBuildConfiguration;
			buildSettings = {
				ALWAYS_EMBED_SWIFT_STANDARD_LIBRARIES = YES;
				BUNDLE_LOADER = "$(TEST_HOST)";
				CODE_SIGN_STYLE = Automatic;
				DEVELOPMENT_TEAM = BY8JMSGP7Z;
				INFOPLIST_FILE = AudioRecordingInterfaceTests/Info.plist;
				IPHONEOS_DEPLOYMENT_TARGET = 14.1;
				LD_RUNPATH_SEARCH_PATHS = (
					"$(inherited)",
					"@executable_path/Frameworks",
					"@loader_path/Frameworks",
				);
				PRODUCT_BUNDLE_IDENTIFIER = com.agustr.AudioRecordingInterfaceTests;
				PRODUCT_NAME = "$(TARGET_NAME)";
				SWIFT_VERSION = 5.0;
				TARGETED_DEVICE_FAMILY = "1,2";
				TEST_HOST = "$(BUILT_PRODUCTS_DIR)/AudioRecordingInterface.app/AudioRecordingInterface";
			};
			name = Release;
		};
		A84278CA2543044B00F472B1 /* Debug */ = {
			isa = XCBuildConfiguration;
			buildSettings = {
				ALWAYS_EMBED_SWIFT_STANDARD_LIBRARIES = YES;
				CODE_SIGN_STYLE = Automatic;
				DEVELOPMENT_TEAM = BY8JMSGP7Z;
				INFOPLIST_FILE = AudioRecordingInterfaceUITests/Info.plist;
				LD_RUNPATH_SEARCH_PATHS = (
					"$(inherited)",
					"@executable_path/Frameworks",
					"@loader_path/Frameworks",
				);
				PRODUCT_BUNDLE_IDENTIFIER = com.agustr.AudioRecordingInterfaceUITests;
				PRODUCT_NAME = "$(TARGET_NAME)";
				SWIFT_VERSION = 5.0;
				TARGETED_DEVICE_FAMILY = "1,2";
				TEST_TARGET_NAME = AudioRecordingInterface;
			};
			name = Debug;
		};
		A84278CB2543044B00F472B1 /* Release */ = {
			isa = XCBuildConfiguration;
			buildSettings = {
				ALWAYS_EMBED_SWIFT_STANDARD_LIBRARIES = YES;
				CODE_SIGN_STYLE = Automatic;
				DEVELOPMENT_TEAM = BY8JMSGP7Z;
				INFOPLIST_FILE = AudioRecordingInterfaceUITests/Info.plist;
				LD_RUNPATH_SEARCH_PATHS = (
					"$(inherited)",
					"@executable_path/Frameworks",
					"@loader_path/Frameworks",
				);
				PRODUCT_BUNDLE_IDENTIFIER = com.agustr.AudioRecordingInterfaceUITests;
				PRODUCT_NAME = "$(TARGET_NAME)";
				SWIFT_VERSION = 5.0;
				TARGETED_DEVICE_FAMILY = "1,2";
				TEST_TARGET_NAME = AudioRecordingInterface;
			};
			name = Release;
		};
/* End XCBuildConfiguration section */

/* Begin XCConfigurationList section */
		A84278942543044800F472B1 /* Build configuration list for PBXProject "AudioRecordingInterface" */ = {
			isa = XCConfigurationList;
			buildConfigurations = (
				A84278C12543044B00F472B1 /* Debug */,
				A84278C22543044B00F472B1 /* Release */,
			);
			defaultConfigurationIsVisible = 0;
			defaultConfigurationName = Release;
		};
		A84278C32543044B00F472B1 /* Build configuration list for PBXNativeTarget "AudioRecordingInterface" */ = {
			isa = XCConfigurationList;
			buildConfigurations = (
				A84278C42543044B00F472B1 /* Debug */,
				A84278C52543044B00F472B1 /* Release */,
			);
			defaultConfigurationIsVisible = 0;
			defaultConfigurationName = Release;
		};
		A84278C62543044B00F472B1 /* Build configuration list for PBXNativeTarget "AudioRecordingInterfaceTests" */ = {
			isa = XCConfigurationList;
			buildConfigurations = (
				A84278C72543044B00F472B1 /* Debug */,
				A84278C82543044B00F472B1 /* Release */,
			);
			defaultConfigurationIsVisible = 0;
			defaultConfigurationName = Release;
		};
		A84278C92543044B00F472B1 /* Build configuration list for PBXNativeTarget "AudioRecordingInterfaceUITests" */ = {
			isa = XCConfigurationList;
			buildConfigurations = (
				A84278CA2543044B00F472B1 /* Debug */,
				A84278CB2543044B00F472B1 /* Release */,
			);
			defaultConfigurationIsVisible = 0;
			defaultConfigurationName = Release;
		};
/* End XCConfigurationList section */
	};
	rootObject = A84278912543044800F472B1 /* Project object */;
}
